
Microsoft Visual Studio Solution File, Format Version 12.00
# Visual Studio Version 17
VisualStudioVersion = 17.6.33829.357
MinimumVisualStudioVersion = 10.0.40219.1
Project("{FAE04EC0-301F-11D3-BF4B-00C04F79EFBC}") = "ReverseElements", "ReverseElements.csproj", "{42EB991A-D0C7-4852-BBD4-7408F89E62DB}"
EndProject
Global
	GlobalSection(SolutionConfigurationPlatforms) = preSolution
		Debug|Any CPU = Debug|Any CPU
		Release|Any CPU = Release|Any CPU
	EndGlobalSection
	GlobalSection(ProjectConfigurationPlatforms) = postSolution
		{42EB991A-D0C7-4852-BBD4-7408F89E62DB}.Debug|Any CPU.ActiveCfg = Debug|Any CPU
		{42EB991A-D0C7-4852-BBD4-7408F89E62DB}.Debug|Any CPU.Build.0 = Debug|Any CPU
		{42EB991A-D0C7-4852-BBD4-7408F89E62DB}.Release|Any CPU.ActiveCfg = Release|Any CPU
		{42EB991A-D0C7-4852-BBD4-7408F89E62DB}.Release|Any CPU.Build.0 = Release|Any CPU
	EndGlobalSection
	GlobalSection(SolutionProperties) = preSolution
		HideSolutionNode = FALSE
	EndGlobalSection
	GlobalSection(ExtensibilityGlobals) = postSolution
		SolutionGuid = {49745F8F-1C44-4A2A-B485-A37CD5C83E3C}
	EndGlobalSection
EndGlobal
