
Microsoft Visual Studio Solution File, Format Version 12.00
# Visual Studio Version 17
VisualStudioVersion = 17.6.33829.357
MinimumVisualStudioVersion = 10.0.40219.1
Project("{FAE04EC0-301F-11D3-BF4B-00C04F79EFBC}") = "Duplicates", "Duplicates.csproj", "{6CB74135-FD40-4BDD-BF50-30CDFD2C330B}"
EndProject
Global
	GlobalSection(SolutionConfigurationPlatforms) = preSolution
		Debug|Any CPU = Debug|Any CPU
		Release|Any CPU = Release|Any CPU
	EndGlobalSection
	GlobalSection(ProjectConfigurationPlatforms) = postSolution
		{6CB74135-FD40-4BDD-BF50-30CDFD2C330B}.Debug|Any CPU.ActiveCfg = Debug|Any CPU
		{6CB74135-FD40-4BDD-BF50-30CDFD2C330B}.Debug|Any CPU.Build.0 = Debug|Any CPU
		{6CB74135-FD40-4BDD-BF50-30CDFD2C330B}.Release|Any CPU.ActiveCfg = Release|Any CPU
		{6CB74135-FD40-4BDD-BF50-30CDFD2C330B}.Release|Any CPU.Build.0 = Release|Any CPU
	EndGlobalSection
	GlobalSection(SolutionProperties) = preSolution
		HideSolutionNode = FALSE
	EndGlobalSection
	GlobalSection(ExtensibilityGlobals) = postSolution
		SolutionGuid = {32A0FBC1-977E-4479-BD88-D719988344E6}
	EndGlobalSection
EndGlobal
