
Microsoft Visual Studio Solution File, Format Version 12.00
# Visual Studio Version 17
VisualStudioVersion = 17.6.33829.357
MinimumVisualStudioVersion = 10.0.40219.1
Project("{FAE04EC0-301F-11D3-BF4B-00C04F79EFBC}") = "secondsmallestnumber", "secondsmallestnumber.csproj", "{130381B4-D2C1-495E-BCFC-95DF30D36525}"
EndProject
Global
	GlobalSection(SolutionConfigurationPlatforms) = preSolution
		Debug|Any CPU = Debug|Any CPU
		Release|Any CPU = Release|Any CPU
	EndGlobalSection
	GlobalSection(ProjectConfigurationPlatforms) = postSolution
		{130381B4-D2C1-495E-BCFC-95DF30D36525}.Debug|Any CPU.ActiveCfg = Debug|Any CPU
		{130381B4-D2C1-495E-BCFC-95DF30D36525}.Debug|Any CPU.Build.0 = Debug|Any CPU
		{130381B4-D2C1-495E-BCFC-95DF30D36525}.Release|Any CPU.ActiveCfg = Release|Any CPU
		{130381B4-D2C1-495E-BCFC-95DF30D36525}.Release|Any CPU.Build.0 = Release|Any CPU
	EndGlobalSection
	GlobalSection(SolutionProperties) = preSolution
		HideSolutionNode = FALSE
	EndGlobalSection
	GlobalSection(ExtensibilityGlobals) = postSolution
		SolutionGuid = {196101EC-FD8E-4CD0-906B-C6E5B6AC5223}
	EndGlobalSection
EndGlobal
