
Microsoft Visual Studio Solution File, Format Version 12.00
# Visual Studio Version 17
VisualStudioVersion = 17.6.33829.357
MinimumVisualStudioVersion = 10.0.40219.1
Project("{FAE04EC0-301F-11D3-BF4B-00C04F79EFBC}") = "Average", "Average.csproj", "{600EE965-04F8-4832-B222-04124A971D13}"
EndProject
Global
	GlobalSection(SolutionConfigurationPlatforms) = preSolution
		Debug|Any CPU = Debug|Any CPU
		Release|Any CPU = Release|Any CPU
	EndGlobalSection
	GlobalSection(ProjectConfigurationPlatforms) = postSolution
		{600EE965-04F8-4832-B222-04124A971D13}.Debug|Any CPU.ActiveCfg = Debug|Any CPU
		{600EE965-04F8-4832-B222-04124A971D13}.Debug|Any CPU.Build.0 = Debug|Any CPU
		{600EE965-04F8-4832-B222-04124A971D13}.Release|Any CPU.ActiveCfg = Release|Any CPU
		{600EE965-04F8-4832-B222-04124A971D13}.Release|Any CPU.Build.0 = Release|Any CPU
	EndGlobalSection
	GlobalSection(SolutionProperties) = preSolution
		HideSolutionNode = FALSE
	EndGlobalSection
	GlobalSection(ExtensibilityGlobals) = postSolution
		SolutionGuid = {55F3C9DA-DD6B-483F-95F9-C3C8EBC85A15}
	EndGlobalSection
EndGlobal
